
Microsoft Visual Studio Solution File, Format Version 12.00
# Visual Studio 2012
Project("{2150E333-8FDC-42A3-9474-1A3956D46DE8}") = "Domain", "Domain", "{2463EA48-8331-49BA-8A8B-9B03B77392DD}"
EndProject
Project("{2150E333-8FDC-42A3-9474-1A3956D46DE8}") = "Application", "Application", "{46117C40-308F-4FB0-A877-D8C923643B55}"
EndProject
Project("{FAE04EC0-301F-11D3-BF4B-00C04F79EFBC}") = "Domain.Events", "Domain.Events\Domain.Events.csproj", "{5B854CAB-5B77-4849-81A5-D06832FEE24B}"
EndProject
Project("{FAE04EC0-301F-11D3-BF4B-00C04F79EFBC}") = "Domain.Commands", "Domain.Commands\Domain.Commands.csproj", "{C58581F7-7FDB-49CF-8615-868CA0038115}"
EndProject
Project("{FAE04EC0-301F-11D3-BF4B-00C04F79EFBC}") = "Domain.Core", "Domain.Core\Domain.Core.csproj", "{EB52CF0C-1AF7-4D4F-A837-C0DCE36906C9}"
EndProject
Project("{2150E333-8FDC-42A3-9474-1A3956D46DE8}") = "Business", "Business", "{B109F352-1D6E-4428-AF66-CB1C1A3EEE56}"
EndProject
Project("{FAE04EC0-301F-11D3-BF4B-00C04F79EFBC}") = "Business.Service", "Business.Service\Business.Service.csproj", "{831FB54C-27AF-40C0-AC8D-49B304CE9333}"
EndProject
Project("{FAE04EC0-301F-11D3-BF4B-00C04F79EFBC}") = "BankSolutionsTests", "BankSolutionsTests\BankSolutionsTests.csproj", "{DD36D95C-0A75-4AB1-A156-11CC06BA1B0B}"
EndProject
Global
	GlobalSection(SolutionConfigurationPlatforms) = preSolution
		Debug|Any CPU = Debug|Any CPU
		Release|Any CPU = Release|Any CPU
	EndGlobalSection
	GlobalSection(ProjectConfigurationPlatforms) = postSolution
		{5B854CAB-5B77-4849-81A5-D06832FEE24B}.Debug|Any CPU.ActiveCfg = Debug|Any CPU
		{5B854CAB-5B77-4849-81A5-D06832FEE24B}.Debug|Any CPU.Build.0 = Debug|Any CPU
		{5B854CAB-5B77-4849-81A5-D06832FEE24B}.Release|Any CPU.ActiveCfg = Release|Any CPU
		{5B854CAB-5B77-4849-81A5-D06832FEE24B}.Release|Any CPU.Build.0 = Release|Any CPU
		{C58581F7-7FDB-49CF-8615-868CA0038115}.Debug|Any CPU.ActiveCfg = Debug|Any CPU
		{C58581F7-7FDB-49CF-8615-868CA0038115}.Debug|Any CPU.Build.0 = Debug|Any CPU
		{C58581F7-7FDB-49CF-8615-868CA0038115}.Release|Any CPU.ActiveCfg = Release|Any CPU
		{C58581F7-7FDB-49CF-8615-868CA0038115}.Release|Any CPU.Build.0 = Release|Any CPU
		{EB52CF0C-1AF7-4D4F-A837-C0DCE36906C9}.Debug|Any CPU.ActiveCfg = Debug|Any CPU
		{EB52CF0C-1AF7-4D4F-A837-C0DCE36906C9}.Debug|Any CPU.Build.0 = Debug|Any CPU
		{EB52CF0C-1AF7-4D4F-A837-C0DCE36906C9}.Release|Any CPU.ActiveCfg = Release|Any CPU
		{EB52CF0C-1AF7-4D4F-A837-C0DCE36906C9}.Release|Any CPU.Build.0 = Release|Any CPU
		{831FB54C-27AF-40C0-AC8D-49B304CE9333}.Debug|Any CPU.ActiveCfg = Debug|Any CPU
		{831FB54C-27AF-40C0-AC8D-49B304CE9333}.Debug|Any CPU.Build.0 = Debug|Any CPU
		{831FB54C-27AF-40C0-AC8D-49B304CE9333}.Release|Any CPU.ActiveCfg = Release|Any CPU
		{831FB54C-27AF-40C0-AC8D-49B304CE9333}.Release|Any CPU.Build.0 = Release|Any CPU
		{DD36D95C-0A75-4AB1-A156-11CC06BA1B0B}.Debug|Any CPU.ActiveCfg = Debug|Any CPU
		{DD36D95C-0A75-4AB1-A156-11CC06BA1B0B}.Debug|Any CPU.Build.0 = Debug|Any CPU
		{DD36D95C-0A75-4AB1-A156-11CC06BA1B0B}.Release|Any CPU.ActiveCfg = Release|Any CPU
		{DD36D95C-0A75-4AB1-A156-11CC06BA1B0B}.Release|Any CPU.Build.0 = Release|Any CPU
	EndGlobalSection
	GlobalSection(SolutionProperties) = preSolution
		HideSolutionNode = FALSE
	EndGlobalSection
	GlobalSection(NestedProjects) = preSolution
		{2463EA48-8331-49BA-8A8B-9B03B77392DD} = {B109F352-1D6E-4428-AF66-CB1C1A3EEE56}
		{831FB54C-27AF-40C0-AC8D-49B304CE9333} = {B109F352-1D6E-4428-AF66-CB1C1A3EEE56}
		{C58581F7-7FDB-49CF-8615-868CA0038115} = {2463EA48-8331-49BA-8A8B-9B03B77392DD}
		{EB52CF0C-1AF7-4D4F-A837-C0DCE36906C9} = {2463EA48-8331-49BA-8A8B-9B03B77392DD}
		{5B854CAB-5B77-4849-81A5-D06832FEE24B} = {2463EA48-8331-49BA-8A8B-9B03B77392DD}
	EndGlobalSection
EndGlobal
